
Microsoft Visual Studio Solution File, Format Version 12.00
# Visual Studio Version 17
VisualStudioVersion = 17.1.32210.238
MinimumVisualStudioVersion = 10.0.40219.1
Project("{FAE04EC0-301F-11D3-BF4B-00C04F79EFBC}") = "CSClass", "CSClass\CSClass.csproj", "{3A9F6BE3-C43C-4FBC-9BCF-6887482B5F6A}"
EndProject
Global
	GlobalSection(SolutionConfigurationPlatforms) = preSolution
		Debug|Any CPU = Debug|Any CPU
		Release|Any CPU = Release|Any CPU
	EndGlobalSection
	GlobalSection(ProjectConfigurationPlatforms) = postSolution
		{3A9F6BE3-C43C-4FBC-9BCF-6887482B5F6A}.Debug|Any CPU.ActiveCfg = Debug|Any CPU
		{3A9F6BE3-C43C-4FBC-9BCF-6887482B5F6A}.Debug|Any CPU.Build.0 = Debug|Any CPU
		{3A9F6BE3-C43C-4FBC-9BCF-6887482B5F6A}.Release|Any CPU.ActiveCfg = Release|Any CPU
		{3A9F6BE3-C43C-4FBC-9BCF-6887482B5F6A}.Release|Any CPU.Build.0 = Release|Any CPU
	EndGlobalSection
	GlobalSection(SolutionProperties) = preSolution
		HideSolutionNode = FALSE
	EndGlobalSection
	GlobalSection(ExtensibilityGlobals) = postSolution
		SolutionGuid = {2EF8D121-17AA-4B03-9D9B-4DF757946AF9}
	EndGlobalSection
EndGlobal
